// !$*UTF8*$!
{
	archiveVersion = 1;
	classes = {
	};
	objectVersion = 56;
	objects = {

/* Begin PBXBuildFile section */
		C2E216002BE938DF00A506EA /* Deep_Dish_DemoApp.swift in Sources */ = {isa = PBXBuildFile; fileRef = C2E215FF2BE938DF00A506EA /* Deep_Dish_DemoApp.swift */; };
		C2E216022BE938DF00A506EA /* ContentView.swift in Sources */ = {isa = PBXBuildFile; fileRef = C2E216012BE938DF00A506EA /* ContentView.swift */; };
		C2E216042BE938E000A506EA /* Assets.xcassets in Resources */ = {isa = PBXBuildFile; fileRef = C2E216032BE938E000A506EA /* Assets.xcassets */; };
		C2E216072BE938E000A506EA /* Preview Assets.xcassets in Resources */ = {isa = PBXBuildFile; fileRef = C2E216062BE938E000A506EA /* Preview Assets.xcassets */; };
		C2E216102BE93A0500A506EA /* Roadmap in Frameworks */ = {isa = PBXBuildFile; productRef = C2E2160F2BE93A0500A506EA /* Roadmap */; };
		C2E216122BE93A2300A506EA /* Roadmap.swift in Sources */ = {isa = PBXBuildFile; fileRef = C2E216112BE93A2300A506EA /* Roadmap.swift */; };
		C2E216142BE93ADB00A506EA /* roadmap.json in Resources */ = {isa = PBXBuildFile; fileRef = C2E216132BE93ADB00A506EA /* roadmap.json */; };
		C2E2161C2BE93C4300A506EA /* SmallButton.swift in Sources */ = {isa = PBXBuildFile; fileRef = C2E2161B2BE93C4300A506EA /* SmallButton.swift */; };
		C2E2161E2BE93FE200A506EA /* Learnings.swift in Sources */ = {isa = PBXBuildFile; fileRef = C2E2161D2BE93FE200A506EA /* Learnings.swift */; };
/* End PBXBuildFile section */

/* Begin PBXFileReference section */
		C2E215FC2BE938DF00A506EA /* CodeCopy.app */ = {isa = PBXFileReference; explicitFileType = wrapper.application; includeInIndex = 0; path = CodeCopy.app; sourceTree = BUILT_PRODUCTS_DIR; };
		C2E215FF2BE938DF00A506EA /* Deep_Dish_DemoApp.swift */ = {isa = PBXFileReference; lastKnownFileType = sourcecode.swift; path = Deep_Dish_DemoApp.swift; sourceTree = "<group>"; };
		C2E216012BE938DF00A506EA /* ContentView.swift */ = {isa = PBXFileReference; lastKnownFileType = sourcecode.swift; path = ContentView.swift; sourceTree = "<group>"; };
		C2E216032BE938E000A506EA /* Assets.xcassets */ = {isa = PBXFileReference; lastKnownFileType = folder.assetcatalog; path = Assets.xcassets; sourceTree = "<group>"; };
		C2E216062BE938E000A506EA /* Preview Assets.xcassets */ = {isa = PBXFileReference; lastKnownFileType = folder.assetcatalog; path = "Preview Assets.xcassets"; sourceTree = "<group>"; };
		C2E216082BE938E000A506EA /* Deep_Dish_Demo.entitlements */ = {isa = PBXFileReference; lastKnownFileType = text.plist.entitlements; path = Deep_Dish_Demo.entitlements; sourceTree = "<group>"; };
		C2E216112BE93A2300A506EA /* Roadmap.swift */ = {isa = PBXFileReference; lastKnownFileType = sourcecode.swift; path = Roadmap.swift; sourceTree = "<group>"; };
		C2E216132BE93ADB00A506EA /* roadmap.json */ = {isa = PBXFileReference; fileEncoding = 4; lastKnownFileType = text.json; path = roadmap.json; sourceTree = "<group>"; };
		C2E2161B2BE93C4300A506EA /* SmallButton.swift */ = {isa = PBXFileReference; lastKnownFileType = sourcecode.swift; path = SmallButton.swift; sourceTree = "<group>"; };
		C2E2161D2BE93FE200A506EA /* Learnings.swift */ = {isa = PBXFileReference; lastKnownFileType = sourcecode.swift; path = Learnings.swift; sourceTree = "<group>"; };
/* End PBXFileReference section */

/* Begin PBXFrameworksBuildPhase section */
		C2E215F92BE938DF00A506EA /* Frameworks */ = {
			isa = PBXFrameworksBuildPhase;
			buildActionMask = 2147483647;
			files = (
				C2E216102BE93A0500A506EA /* Roadmap in Frameworks */,
			);
			runOnlyForDeploymentPostprocessing = 0;
		};
/* End PBXFrameworksBuildPhase section */

/* Begin PBXGroup section */
		C2E215F32BE938DF00A506EA = {
			isa = PBXGroup;
			children = (
				C2E215FE2BE938DF00A506EA /* Deep Dish Demo */,
				C2E215FD2BE938DF00A506EA /* Products */,
			);
			sourceTree = "<group>";
		};
		C2E215FD2BE938DF00A506EA /* Products */ = {
			isa = PBXGroup;
			children = (
				C2E215FC2BE938DF00A506EA /* CodeCopy.app */,
			);
			name = Products;
			sourceTree = "<group>";
		};
		C2E215FE2BE938DF00A506EA /* Deep Dish Demo */ = {
			isa = PBXGroup;
			children = (
				C2E215FF2BE938DF00A506EA /* Deep_Dish_DemoApp.swift */,
				C2E216012BE938DF00A506EA /* ContentView.swift */,
				C2E2161D2BE93FE200A506EA /* Learnings.swift */,
				C2E216112BE93A2300A506EA /* Roadmap.swift */,
				C2E2161B2BE93C4300A506EA /* SmallButton.swift */,
				C2E216132BE93ADB00A506EA /* roadmap.json */,
				C2E216032BE938E000A506EA /* Assets.xcassets */,
				C2E216082BE938E000A506EA /* Deep_Dish_Demo.entitlements */,
				C2E216052BE938E000A506EA /* Preview Content */,
			);
			path = "Deep Dish Demo";
			sourceTree = "<group>";
		};
		C2E216052BE938E000A506EA /* Preview Content */ = {
			isa = PBXGroup;
			children = (
				C2E216062BE938E000A506EA /* Preview Assets.xcassets */,
			);
			path = "Preview Content";
			sourceTree = "<group>";
		};
/* End PBXGroup section */

/* Begin PBXNativeTarget section */
		C2E215FB2BE938DF00A506EA /* CodeCopy */ = {
			isa = PBXNativeTarget;
			buildConfigurationList = C2E2160B2BE938E000A506EA /* Build configuration list for PBXNativeTarget "CodeCopy" */;
			buildPhases = (
				C2E215F82BE938DF00A506EA /* Sources */,
				C2E215F92BE938DF00A506EA /* Frameworks */,
				C2E215FA2BE938DF00A506EA /* Resources */,
			);
			buildRules = (
			);
			dependencies = (
			);
			name = CodeCopy;
			packageProductDependencies = (
				C2E2160F2BE93A0500A506EA /* Roadmap */,
			);
			productName = "Deep Dish Demo";
			productReference = C2E215FC2BE938DF00A506EA /* CodeCopy.app */;
			productType = "com.apple.product-type.application";
		};
/* End PBXNativeTarget section */

/* Begin PBXProject section */
		C2E215F42BE938DF00A506EA /* Project object */ = {
			isa = PBXProject;
			attributes = {
				BuildIndependentTargetsInParallel = 1;
				LastSwiftUpdateCheck = 1530;
				LastUpgradeCheck = 1530;
				TargetAttributes = {
					C2E215FB2BE938DF00A506EA = {
						CreatedOnToolsVersion = 15.3;
					};
				};
			};
			buildConfigurationList = C2E215F72BE938DF00A506EA /* Build configuration list for PBXProject "CodeCopy" */;
			compatibilityVersion = "Xcode 14.0";
			developmentRegion = en;
			hasScannedForEncodings = 0;
			knownRegions = (
				en,
				Base,
			);
			mainGroup = C2E215F32BE938DF00A506EA;
			packageReferences = (
				C2E2160E2BE93A0500A506EA /* XCRemoteSwiftPackageReference "Roadmap" */,
			);
			productRefGroup = C2E215FD2BE938DF00A506EA /* Products */;
			projectDirPath = "";
			projectRoot = "";
			targets = (
				C2E215FB2BE938DF00A506EA /* CodeCopy */,
			);
		};
/* End PBXProject section */

/* Begin PBXResourcesBuildPhase section */
		C2E215FA2BE938DF00A506EA /* Resources */ = {
			isa = PBXResourcesBuildPhase;
			buildActionMask = 2147483647;
			files = (
				C2E216142BE93ADB00A506EA /* roadmap.json in Resources */,
				C2E216072BE938E000A506EA /* Preview Assets.xcassets in Resources */,
				C2E216042BE938E000A506EA /* Assets.xcassets in Resources */,
			);
			runOnlyForDeploymentPostprocessing = 0;
		};
/* End PBXResourcesBuildPhase section */

/* Begin PBXSourcesBuildPhase section */
		C2E215F82BE938DF00A506EA /* Sources */ = {
			isa = PBXSourcesBuildPhase;
			buildActionMask = 2147483647;
			files = (
				C2E216122BE93A2300A506EA /* Roadmap.swift in Sources */,
				C2E2161C2BE93C4300A506EA /* SmallButton.swift in Sources */,
				C2E216022BE938DF00A506EA /* ContentView.swift in Sources */,
				C2E2161E2BE93FE200A506EA /* Learnings.swift in Sources */,
				C2E216002BE938DF00A506EA /* Deep_Dish_DemoApp.swift in Sources */,
			);
			runOnlyForDeploymentPostprocessing = 0;
		};
/* End PBXSourcesBuildPhase section */

/* Begin XCBuildConfiguration section */
		C2E216092BE938E000A506EA /* Debug */ = {
			isa = XCBuildConfiguration;
			buildSettings = {
				ALWAYS_SEARCH_USER_PATHS = NO;
				ASSETCATALOG_COMPILER_GENERATE_SWIFT_ASSET_SYMBOL_EXTENSIONS = YES;
				CLANG_ANALYZER_NONNULL = YES;
				CLANG_ANALYZER_NUMBER_OBJECT_CONVERSION = YES_AGGRESSIVE;
				CLANG_CXX_LANGUAGE_STANDARD = "gnu++20";
				CLANG_ENABLE_MODULES = YES;
				CLANG_ENABLE_OBJC_ARC = YES;
				CLANG_ENABLE_OBJC_WEAK = YES;
				CLANG_WARN_BLOCK_CAPTURE_AUTORELEASING = YES;
				CLANG_WARN_BOOL_CONVERSION = YES;
				CLANG_WARN_COMMA = YES;
				CLANG_WARN_CONSTANT_CONVERSION = YES;
				CLANG_WARN_DEPRECATED_OBJC_IMPLEMENTATIONS = YES;
				CLANG_WARN_DIRECT_OBJC_ISA_USAGE = YES_ERROR;
				CLANG_WARN_DOCUMENTATION_COMMENTS = YES;
				CLANG_WARN_EMPTY_BODY = YES;
				CLANG_WARN_ENUM_CONVERSION = YES;
				CLANG_WARN_INFINITE_RECURSION = YES;
				CLANG_WARN_INT_CONVERSION = YES;
				CLANG_WARN_NON_LITERAL_NULL_CONVERSION = YES;
				CLANG_WARN_OBJC_IMPLICIT_RETAIN_SELF = YES;
				CLANG_WARN_OBJC_LITERAL_CONVERSION = YES;
				CLANG_WARN_OBJC_ROOT_CLASS = YES_ERROR;
				CLANG_WARN_QUOTED_INCLUDE_IN_FRAMEWORK_HEADER = YES;
				CLANG_WARN_RANGE_LOOP_ANALYSIS = YES;
				CLANG_WARN_STRICT_PROTOTYPES = YES;
				CLANG_WARN_SUSPICIOUS_MOVE = YES;
				CLANG_WARN_UNGUARDED_AVAILABILITY = YES_AGGRESSIVE;
				CLANG_WARN_UNREACHABLE_CODE = YES;
				CLANG_WARN__DUPLICATE_METHOD_MATCH = YES;
				COPY_PHASE_STRIP = NO;
				DEBUG_INFORMATION_FORMAT = dwarf;
				ENABLE_STRICT_OBJC_MSGSEND = YES;
				ENABLE_TESTABILITY = YES;
				ENABLE_USER_SCRIPT_SANDBOXING = YES;
				GCC_C_LANGUAGE_STANDARD = gnu17;
				GCC_DYNAMIC_NO_PIC = NO;
				GCC_NO_COMMON_BLOCKS = YES;
				GCC_OPTIMIZATION_LEVEL = 0;
				GCC_PREPROCESSOR_DEFINITIONS = (
					"DEBUG=1",
					"$(inherited)",
				);
				GCC_WARN_64_TO_32_BIT_CONVERSION = YES;
				GCC_WARN_ABOUT_RETURN_TYPE = YES_ERROR;
				GCC_WARN_UNDECLARED_SELECTOR = YES;
				GCC_WARN_UNINITIALIZED_AUTOS = YES_AGGRESSIVE;
				GCC_WARN_UNUSED_FUNCTION = YES;
				GCC_WARN_UNUSED_VARIABLE = YES;
				LOCALIZATION_PREFERS_STRING_CATALOGS = YES;
				MACOSX_DEPLOYMENT_TARGET = 14.3;
				MTL_ENABLE_DEBUG_INFO = INCLUDE_SOURCE;
				MTL_FAST_MATH = YES;
				ONLY_ACTIVE_ARCH = YES;
				SDKROOT = macosx;
				SWIFT_ACTIVE_COMPILATION_CONDITIONS = "DEBUG $(inherited)";
				SWIFT_OPTIMIZATION_LEVEL = "-Onone";
			};
			name = Debug;
		};
		C2E2160A2BE938E000A506EA /* Release */ = {
			isa = XCBuildConfiguration;
			buildSettings = {
				ALWAYS_SEARCH_USER_PATHS = NO;
				ASSETCATALOG_COMPILER_GENERATE_SWIFT_ASSET_SYMBOL_EXTENSIONS = YES;
				CLANG_ANALYZER_NONNULL = YES;
				CLANG_ANALYZER_NUMBER_OBJECT_CONVERSION = YES_AGGRESSIVE;
				CLANG_CXX_LANGUAGE_STANDARD = "gnu++20";
				CLANG_ENABLE_MODULES = YES;
				CLANG_ENABLE_OBJC_ARC = YES;
				CLANG_ENABLE_OBJC_WEAK = YES;
				CLANG_WARN_BLOCK_CAPTURE_AUTORELEASING = YES;
				CLANG_WARN_BOOL_CONVERSION = YES;
				CLANG_WARN_COMMA = YES;
				CLANG_WARN_CONSTANT_CONVERSION = YES;
				CLANG_WARN_DEPRECATED_OBJC_IMPLEMENTATIONS = YES;
				CLANG_WARN_DIRECT_OBJC_ISA_USAGE = YES_ERROR;
				CLANG_WARN_DOCUMENTATION_COMMENTS = YES;
				CLANG_WARN_EMPTY_BODY = YES;
				CLANG_WARN_ENUM_CONVERSION = YES;
				CLANG_WARN_INFINITE_RECURSION = YES;
				CLANG_WARN_INT_CONVERSION = YES;
				CLANG_WARN_NON_LITERAL_NULL_CONVERSION = YES;
				CLANG_WARN_OBJC_IMPLICIT_RETAIN_SELF = YES;
				CLANG_WARN_OBJC_LITERAL_CONVERSION = YES;
				CLANG_WARN_OBJC_ROOT_CLASS = YES_ERROR;
				CLANG_WARN_QUOTED_INCLUDE_IN_FRAMEWORK_HEADER = YES;
				CLANG_WARN_RANGE_LOOP_ANALYSIS = YES;
				CLANG_WARN_STRICT_PROTOTYPES = YES;
				CLANG_WARN_SUSPICIOUS_MOVE = YES;
				CLANG_WARN_UNGUARDED_AVAILABILITY = YES_AGGRESSIVE;
				CLANG_WARN_UNREACHABLE_CODE = YES;
				CLANG_WARN__DUPLICATE_METHOD_MATCH = YES;
				COPY_PHASE_STRIP = NO;
				DEBUG_INFORMATION_FORMAT = "dwarf-with-dsym";
				ENABLE_NS_ASSERTIONS = NO;
				ENABLE_STRICT_OBJC_MSGSEND = YES;
				ENABLE_USER_SCRIPT_SANDBOXING = YES;
				GCC_C_LANGUAGE_STANDARD = gnu17;
				GCC_NO_COMMON_BLOCKS = YES;
				GCC_WARN_64_TO_32_BIT_CONVERSION = YES;
				GCC_WARN_ABOUT_RETURN_TYPE = YES_ERROR;
				GCC_WARN_UNDECLARED_SELECTOR = YES;
				GCC_WARN_UNINITIALIZED_AUTOS = YES_AGGRESSIVE;
				GCC_WARN_UNUSED_FUNCTION = YES;
				GCC_WARN_UNUSED_VARIABLE = YES;
				LOCALIZATION_PREFERS_STRING_CATALOGS = YES;
				MACOSX_DEPLOYMENT_TARGET = 14.3;
				MTL_ENABLE_DEBUG_INFO = NO;
				MTL_FAST_MATH = YES;
				SDKROOT = macosx;
				SWIFT_COMPILATION_MODE = wholemodule;
			};
			name = Release;
		};
		C2E2160C2BE938E000A506EA /* Debug */ = {
			isa = XCBuildConfiguration;
			buildSettings = {
				ASSETCATALOG_COMPILER_APPICON_NAME = AppIcon;
				ASSETCATALOG_COMPILER_GLOBAL_ACCENT_COLOR_NAME = AccentColor;
				CODE_SIGN_ENTITLEMENTS = "Deep Dish Demo/Deep_Dish_Demo.entitlements";
				CODE_SIGN_STYLE = Automatic;
				COMBINE_HIDPI_IMAGES = YES;
				CURRENT_PROJECT_VERSION = 1;
				DEVELOPMENT_ASSET_PATHS = "\"Deep Dish Demo/Preview Content\"";
				DEVELOPMENT_TEAM = 8Q7TMPA46J;
				ENABLE_HARDENED_RUNTIME = YES;
				ENABLE_PREVIEWS = YES;
				GENERATE_INFOPLIST_FILE = YES;
				INFOPLIST_KEY_CFBundleDisplayName = CodeCopy;
				INFOPLIST_KEY_NSHumanReadableCopyright = "";
				LD_RUNPATH_SEARCH_PATHS = (
					"$(inherited)",
					"@executable_path/../Frameworks",
				);
				MACOSX_DEPLOYMENT_TARGET = 14.0;
				MARKETING_VERSION = 1.0.1;
				PRODUCT_BUNDLE_IDENTIFIER = "com.goodsnooze.Deep-Dish-Demo";
				PRODUCT_NAME = "$(TARGET_NAME)";
				SWIFT_EMIT_LOC_STRINGS = YES;
				SWIFT_VERSION = 5.0;
			};
			name = Debug;
		};
		C2E2160D2BE938E000A506EA /* Release */ = {
			isa = XCBuildConfiguration;
			buildSettings = {
				ASSETCATALOG_COMPILER_APPICON_NAME = AppIcon;
				ASSETCATALOG_COMPILER_GLOBAL_ACCENT_COLOR_NAME = AccentColor;
				CODE_SIGN_ENTITLEMENTS = "Deep Dish Demo/Deep_Dish_Demo.entitlements";
				CODE_SIGN_STYLE = Automatic;
				COMBINE_HIDPI_IMAGES = YES;
				CURRENT_PROJECT_VERSION = 1;
				DEVELOPMENT_ASSET_PATHS = "\"Deep Dish Demo/Preview Content\"";
				DEVELOPMENT_TEAM = 8Q7TMPA46J;
				ENABLE_HARDENED_RUNTIME = YES;
				ENABLE_PREVIEWS = YES;
				GENERATE_INFOPLIST_FILE = YES;
				INFOPLIST_KEY_CFBundleDisplayName = CodeCopy;
				INFOPLIST_KEY_NSHumanReadableCopyright = "";
				LD_RUNPATH_SEARCH_PATHS = (
					"$(inherited)",
					"@executable_path/../Frameworks",
				);
				MACOSX_DEPLOYMENT_TARGET = 14.0;
				MARKETING_VERSION = 1.0.1;
				PRODUCT_BUNDLE_IDENTIFIER = "com.goodsnooze.Deep-Dish-Demo";
				PRODUCT_NAME = "$(TARGET_NAME)";
				SWIFT_EMIT_LOC_STRINGS = YES;
				SWIFT_VERSION = 5.0;
			};
			name = Release;
		};
/* End XCBuildConfiguration section */

/* Begin XCConfigurationList section */
		C2E215F72BE938DF00A506EA /* Build configuration list for PBXProject "CodeCopy" */ = {
			isa = XCConfigurationList;
			buildConfigurations = (
				C2E216092BE938E000A506EA /* Debug */,
				C2E2160A2BE938E000A506EA /* Release */,
			);
			defaultConfigurationIsVisible = 0;
			defaultConfigurationName = Release;
		};
		C2E2160B2BE938E000A506EA /* Build configuration list for PBXNativeTarget "CodeCopy" */ = {
			isa = XCConfigurationList;
			buildConfigurations = (
				C2E2160C2BE938E000A506EA /* Debug */,
				C2E2160D2BE938E000A506EA /* Release */,
			);
			defaultConfigurationIsVisible = 0;
			defaultConfigurationName = Release;
		};
/* End XCConfigurationList section */

/* Begin XCRemoteSwiftPackageReference section */
		C2E2160E2BE93A0500A506EA /* XCRemoteSwiftPackageReference "Roadmap" */ = {
			isa = XCRemoteSwiftPackageReference;
			repositoryURL = "https://github.com/AvdLee/Roadmap";
			requirement = {
				branch = main;
				kind = branch;
			};
		};
/* End XCRemoteSwiftPackageReference section */

/* Begin XCSwiftPackageProductDependency section */
		C2E2160F2BE93A0500A506EA /* Roadmap */ = {
			isa = XCSwiftPackageProductDependency;
			package = C2E2160E2BE93A0500A506EA /* XCRemoteSwiftPackageReference "Roadmap" */;
			productName = Roadmap;
		};
/* End XCSwiftPackageProductDependency section */
	};
	rootObject = C2E215F42BE938DF00A506EA /* Project object */;
}
